2
git https://github.com/Luukdegram/apple_pie commit-7214291fc4e26f2da3d5fd1bacf79bbc5e4a119b
git https://github.com/nektro/zig-pek commit-56919ce43dcc3ecee22eb7d51e90dcef0ce7f4bb
git https://github.com/nektro/zig-range commit-890ca308fe09b3d5c866d5cfb3b3d7a95dbf939f
git https://github.com/kivikakk/htmlentities.zig commit-c3cbe4cb3a9a9bd60e7c9fedcf9b97e087b98d6c
git https://github.com/nektro/zig-zorm commit-caaf5d24b97c2f016c5c44131cd5b8507d1d5082
git https://github.com/vrischmann/zig-sqlite commit-4eac00ced666f43cca63309a2c8493bd1052e036
git https://github.com/nektro/zig-extras commit-86e312abea8012e39f868f1f2fbc72d6e28a466b
git https://github.com/leroycep/zig-jwt commit-054d96bdd93d0f2ff93510f544990c0308126460
git https://github.com/nektro/zig-oauth2 commit-d0799b0e4b5cf986473d0041fd5a16cd98ad3852
git https://github.com/MasterQ32/zig-uri commit-52cdd2061bec0579519f0d30280597f3a1db8b75
git https://github.com/nektro/iguanaTLS commit-954fd016964d44dfe8648985fd7c06f0067be6b0
git https://github.com/truemedian/zfetch commit-242a9d88d2baba40e23ba35b15aabe1e34b22110
git https://github.com/truemedian/hzzp commit-91ab8e741992e8db30b3ee1cd9e7cd5a072ca294
git https://github.com/MasterQ32/zig-network commit-0439bd7127ecb8f927a5cecb0beeb1569db2fb95
git https://github.com/nektro/zig-json commit-3ea23e8ae3798d3929b4c4b54ce739a67914f3ec
git https://github.com/nektro/zig-flag commit-ed7f7186cdafaeb3c257c5de14a8d7662c8a8237
git https://github.com/nektro/zig-ulid commit-f19055bc604f023b8bea0283b1f8b595161c4cf3
git https://github.com/nektro/zig-time commit-64bc6c77e8189c60a5223877827b4753eb2b483d
