2
git https://github.com/Luukdegram/apple_pie commit-d22174854eb47807212e142827b932cc3a273d16
git https://github.com/nektro/zig-pek commit-2352c1b2b2a15b3ce60914adcbc9567184efac59
git https://github.com/nektro/zig-range commit-890ca308fe09b3d5c866d5cfb3b3d7a95dbf939f
git https://github.com/kivikakk/htmlentities.zig commit-c3cbe4cb3a9a9bd60e7c9fedcf9b97e087b98d6c
git https://github.com/nektro/zig-zorm commit-bfa9c50ff95f9e35c7ee3aca34bb3670ebfd73bf
git https://github.com/vrischmann/zig-sqlite commit-3dc73fbe5bbe043e31b12637cb693b9bf6ceba95
git https://github.com/nektro/zig-extras commit-3db31a0787846ce5b3133fe02f9cbcaa815ae80b
git https://github.com/leroycep/zig-jwt commit-054d96bdd93d0f2ff93510f544990c0308126460
git https://github.com/nektro/zig-oauth2 commit-c17ee7cd55521b83de8219c43ad91c7fd5012535
git https://github.com/MasterQ32/zig-uri commit-52cdd2061bec0579519f0d30280597f3a1db8b75
git https://github.com/nektro/iguanaTLS commit-a48976beb7135b472ce8aa2f276df3b8eb775440
git https://github.com/truemedian/zfetch commit-7b1517ecccbd807e430c6a47e74cca00d1e1af19
git https://github.com/truemedian/hzzp commit-91ab8e741992e8db30b3ee1cd9e7cd5a072ca294
git https://github.com/MasterQ32/zig-network commit-7b0be9a4cde7169531872ee1ca6a75ad3f15cc7c
git https://github.com/nektro/zig-json commit-7f0e661371d41cfdc8b1649ed00e7a750c82e57a
git https://github.com/nektro/zig-flag commit-ed7f7186cdafaeb3c257c5de14a8d7662c8a8237
git https://github.com/nektro/zig-ulid commit-140bf8a8b9f2f66b277642f34c6573f91361957e
git https://github.com/nektro/zig-time commit-88e83395f79e1aa2b8188e934c4a8894f6d6bc5f
