2
git https://github.com/Luukdegram/apple_pie commit-132af7a66e0d63a19017e172c0ce59fd5b01d62a
git https://github.com/nektro/zig-pek commit-bcb022592b5751ff9acd5b9ac18d0dfea8fe447f
git https://github.com/nektro/zig-range commit-890ca308fe09b3d5c866d5cfb3b3d7a95dbf939f
git https://github.com/kivikakk/htmlentities.zig commit-c3cbe4cb3a9a9bd60e7c9fedcf9b97e087b98d6c
